
Microsoft Visual Studio Solution File, Format Version 12.00
# Visual Studio Version 17
VisualStudioVersion = 17.0.31903.59
MinimumVisualStudioVersion = 10.0.40219.1
Project("{9A19103F-16F7-4668-BE54-9A1E7A4F7556}") = "Domain", "Domain\Domain.csproj", "{C1A9F098-396C-40D2-ABBE-9A30704DBD8D}"
EndProject
Project("{9A19103F-16F7-4668-BE54-9A1E7A4F7556}") = "Application", "Application\Application.csproj", "{EB6F8483-CA71-49EF-BE9F-6295BF224586}"
EndProject
Project("{9A19103F-16F7-4668-BE54-9A1E7A4F7556}") = "Infrastructure", "Infrastructure\Infrastructure.csproj", "{2B550DA9-CEC2-40D6-8038-7F3B79EF0D1F}"
EndProject
Project("{9A19103F-16F7-4668-BE54-9A1E7A4F7556}") = "Persistence", "Persistence\Persistence.csproj", "{D0ADAFC0-8FF1-4768-A007-AF413A2FD370}"
EndProject
Project("{9A19103F-16F7-4668-BE54-9A1E7A4F7556}") = "Shared", "Shared\Shared.csproj", "{3720134F-C35A-49C7-A706-D63D79A6D00E}"
EndProject
Project("{9A19103F-16F7-4668-BE54-9A1E7A4F7556}") = "TelegramBot", "TelegramBot\TelegramBot.csproj", "{1491731C-FED5-4705-B8D5-39A20BA23B88}"
EndProject
Project("{2150E333-8FDC-42A3-9474-1A3956D46DE8}") = "Tests", "Tests", "{1167F22B-3827-46D3-A689-91646EE504FC}"
EndProject
Project("{9A19103F-16F7-4668-BE54-9A1E7A4F7556}") = "Application.Tests", "Tests\Application.Tests\Application.Tests.csproj", "{0ADC4969-607C-4723-8022-41E97C2E24B1}"
EndProject
Project("{9A19103F-16F7-4668-BE54-9A1E7A4F7556}") = "Infrastructure.Tests", "Tests\Infrastructure.Tests\Infrastructure.Tests.csproj", "{3A965832-6FB3-4892-92AA-3C94C7F679CC}"
EndProject
Global
	GlobalSection(SolutionConfigurationPlatforms) = preSolution
		Debug|Any CPU = Debug|Any CPU
		Release|Any CPU = Release|Any CPU
	EndGlobalSection
	GlobalSection(ProjectConfigurationPlatforms) = postSolution
		{C1A9F098-396C-40D2-ABBE-9A30704DBD8D}.Debug|Any CPU.ActiveCfg = Debug|Any CPU
		{C1A9F098-396C-40D2-ABBE-9A30704DBD8D}.Debug|Any CPU.Build.0 = Debug|Any CPU
		{C1A9F098-396C-40D2-ABBE-9A30704DBD8D}.Release|Any CPU.ActiveCfg = Release|Any CPU
		{C1A9F098-396C-40D2-ABBE-9A30704DBD8D}.Release|Any CPU.Build.0 = Release|Any CPU
		{EB6F8483-CA71-49EF-BE9F-6295BF224586}.Debug|Any CPU.ActiveCfg = Debug|Any CPU
		{EB6F8483-CA71-49EF-BE9F-6295BF224586}.Debug|Any CPU.Build.0 = Debug|Any CPU
		{EB6F8483-CA71-49EF-BE9F-6295BF224586}.Release|Any CPU.ActiveCfg = Release|Any CPU
		{EB6F8483-CA71-49EF-BE9F-6295BF224586}.Release|Any CPU.Build.0 = Release|Any CPU
		{2B550DA9-CEC2-40D6-8038-7F3B79EF0D1F}.Debug|Any CPU.ActiveCfg = Debug|Any CPU
		{2B550DA9-CEC2-40D6-8038-7F3B79EF0D1F}.Debug|Any CPU.Build.0 = Debug|Any CPU
		{2B550DA9-CEC2-40D6-8038-7F3B79EF0D1F}.Release|Any CPU.ActiveCfg = Release|Any CPU
		{2B550DA9-CEC2-40D6-8038-7F3B79EF0D1F}.Release|Any CPU.Build.0 = Release|Any CPU
		{D0ADAFC0-8FF1-4768-A007-AF413A2FD370}.Debug|Any CPU.ActiveCfg = Debug|Any CPU
		{D0ADAFC0-8FF1-4768-A007-AF413A2FD370}.Debug|Any CPU.Build.0 = Debug|Any CPU
		{D0ADAFC0-8FF1-4768-A007-AF413A2FD370}.Release|Any CPU.ActiveCfg = Release|Any CPU
		{D0ADAFC0-8FF1-4768-A007-AF413A2FD370}.Release|Any CPU.Build.0 = Release|Any CPU
		{3720134F-C35A-49C7-A706-D63D79A6D00E}.Debug|Any CPU.ActiveCfg = Debug|Any CPU
		{3720134F-C35A-49C7-A706-D63D79A6D00E}.Debug|Any CPU.Build.0 = Debug|Any CPU
		{3720134F-C35A-49C7-A706-D63D79A6D00E}.Release|Any CPU.ActiveCfg = Release|Any CPU
		{3720134F-C35A-49C7-A706-D63D79A6D00E}.Release|Any CPU.Build.0 = Release|Any CPU
		{1491731C-FED5-4705-B8D5-39A20BA23B88}.Debug|Any CPU.ActiveCfg = Debug|Any CPU
		{1491731C-FED5-4705-B8D5-39A20BA23B88}.Debug|Any CPU.Build.0 = Debug|Any CPU
		{1491731C-FED5-4705-B8D5-39A20BA23B88}.Release|Any CPU.ActiveCfg = Release|Any CPU
		{1491731C-FED5-4705-B8D5-39A20BA23B88}.Release|Any CPU.Build.0 = Release|Any CPU
		{0ADC4969-607C-4723-8022-41E97C2E24B1}.Debug|Any CPU.ActiveCfg = Debug|Any CPU
		{0ADC4969-607C-4723-8022-41E97C2E24B1}.Debug|Any CPU.Build.0 = Debug|Any CPU
		{0ADC4969-607C-4723-8022-41E97C2E24B1}.Release|Any CPU.ActiveCfg = Release|Any CPU
		{0ADC4969-607C-4723-8022-41E97C2E24B1}.Release|Any CPU.Build.0 = Release|Any CPU
		{3A965832-6FB3-4892-92AA-3C94C7F679CC}.Debug|Any CPU.ActiveCfg = Debug|Any CPU
		{3A965832-6FB3-4892-92AA-3C94C7F679CC}.Debug|Any CPU.Build.0 = Debug|Any CPU
		{3A965832-6FB3-4892-92AA-3C94C7F679CC}.Release|Any CPU.ActiveCfg = Release|Any CPU
		{3A965832-6FB3-4892-92AA-3C94C7F679CC}.Release|Any CPU.Build.0 = Release|Any CPU
	EndGlobalSection
	GlobalSection(SolutionProperties) = preSolution
		HideSolutionNode = FALSE
	EndGlobalSection
	GlobalSection(NestedProjects) = preSolution
		{0ADC4969-607C-4723-8022-41E97C2E24B1} = {1167F22B-3827-46D3-A689-91646EE504FC}
		{3A965832-6FB3-4892-92AA-3C94C7F679CC} = {1167F22B-3827-46D3-A689-91646EE504FC}
	EndGlobalSection
	GlobalSection(ExtensibilityGlobals) = postSolution
		SolutionGuid = {DC13A0EA-BF85-4725-B963-AF699DE934C8}
	EndGlobalSection
EndGlobal
